
Microsoft Visual Studio Solution File, Format Version 12.00
# Visual Studio Version 17
VisualStudioVersion = 17.0.32014.148
MinimumVisualStudioVersion = 10.0.40219.1
Project("{00D1A9C2-B5F0-4AF3-8072-F6C62B433612}") = "BakeryDB", "BakeryDB\BakeryDB.sqlproj", "{FFAC5677-80AB-410F-B7E2-D747A315DE64}"
EndProject
Project("{9A19103F-16F7-4668-BE54-9A1E7A4F7556}") = "BakeryApi", "BakeryApi\BakeryApi.csproj", "{8F5096F1-4E64-4C85-9F07-9B576B6E1C21}"
EndProject
Project("{E24C65DC-7377-472B-9ABA-BC803B73C61A}") = "bakery-app", "bakery-app\", "{9295318E-ED13-454C-873B-86CEC8349565}"
	ProjectSection(WebsiteProperties) = preProject
		TargetFrameworkMoniker = ".NETFramework,Version%3Dv4.5"
		Debug.AspNetCompiler.VirtualPath = "/localhost_54797"
		Debug.AspNetCompiler.PhysicalPath = "bakery-app\"
		Debug.AspNetCompiler.TargetPath = "PrecompiledWeb\localhost_54797\"
		Debug.AspNetCompiler.Updateable = "true"
		Debug.AspNetCompiler.ForceOverwrite = "true"
		Debug.AspNetCompiler.FixedNames = "false"
		Debug.AspNetCompiler.Debug = "True"
		Release.AspNetCompiler.VirtualPath = "/localhost_54797"
		Release.AspNetCompiler.PhysicalPath = "bakery-app\"
		Release.AspNetCompiler.TargetPath = "PrecompiledWeb\localhost_54797\"
		Release.AspNetCompiler.Updateable = "true"
		Release.AspNetCompiler.ForceOverwrite = "true"
		Release.AspNetCompiler.FixedNames = "false"
		Release.AspNetCompiler.Debug = "False"
		VWDPort = "54797"
		SlnRelativePath = "bakery-app\"
	EndProjectSection
EndProject
Global
	GlobalSection(SolutionConfigurationPlatforms) = preSolution
		Debug|Any CPU = Debug|Any CPU
		Release|Any CPU = Release|Any CPU
	EndGlobalSection
	GlobalSection(ProjectConfigurationPlatforms) = postSolution
		{FFAC5677-80AB-410F-B7E2-D747A315DE64}.Debug|Any CPU.ActiveCfg = Debug|Any CPU
		{FFAC5677-80AB-410F-B7E2-D747A315DE64}.Debug|Any CPU.Build.0 = Debug|Any CPU
		{FFAC5677-80AB-410F-B7E2-D747A315DE64}.Debug|Any CPU.Deploy.0 = Debug|Any CPU
		{FFAC5677-80AB-410F-B7E2-D747A315DE64}.Release|Any CPU.ActiveCfg = Release|Any CPU
		{FFAC5677-80AB-410F-B7E2-D747A315DE64}.Release|Any CPU.Build.0 = Release|Any CPU
		{FFAC5677-80AB-410F-B7E2-D747A315DE64}.Release|Any CPU.Deploy.0 = Release|Any CPU
		{8F5096F1-4E64-4C85-9F07-9B576B6E1C21}.Debug|Any CPU.ActiveCfg = Debug|Any CPU
		{8F5096F1-4E64-4C85-9F07-9B576B6E1C21}.Debug|Any CPU.Build.0 = Debug|Any CPU
		{8F5096F1-4E64-4C85-9F07-9B576B6E1C21}.Release|Any CPU.ActiveCfg = Release|Any CPU
		{8F5096F1-4E64-4C85-9F07-9B576B6E1C21}.Release|Any CPU.Build.0 = Release|Any CPU
		{9295318E-ED13-454C-873B-86CEC8349565}.Debug|Any CPU.ActiveCfg = Debug|Any CPU
		{9295318E-ED13-454C-873B-86CEC8349565}.Debug|Any CPU.Build.0 = Debug|Any CPU
		{9295318E-ED13-454C-873B-86CEC8349565}.Release|Any CPU.ActiveCfg = Debug|Any CPU
		{9295318E-ED13-454C-873B-86CEC8349565}.Release|Any CPU.Build.0 = Debug|Any CPU
	EndGlobalSection
	GlobalSection(SolutionProperties) = preSolution
		HideSolutionNode = FALSE
	EndGlobalSection
	GlobalSection(ExtensibilityGlobals) = postSolution
		SolutionGuid = {A8B47EAC-9E8A-45C2-9708-E4354B8F161F}
	EndGlobalSection
EndGlobal
